
Microsoft Visual Studio Solution File, Format Version 12.00
# Visual Studio 15
VisualStudioVersion = 15.0.27703.2042
MinimumVisualStudioVersion = 10.0.40219.1
Project("{FAE04EC0-301F-11D3-BF4B-00C04F79EFBC}") = "SampleMVC", "SampleMVC\SampleMVC.csproj", "{50940426-8854-4EF5-9B84-213725161052}"
EndProject
Global
	GlobalSection(SolutionConfigurationPlatforms) = preSolution
		Debug|Any CPU = Debug|Any CPU
		Release|Any CPU = Release|Any CPU
	EndGlobalSection
	GlobalSection(ProjectConfigurationPlatforms) = postSolution
		{50940426-8854-4EF5-9B84-213725161052}.Debug|Any CPU.ActiveCfg = Debug|Any CPU
		{50940426-8854-4EF5-9B84-213725161052}.Debug|Any CPU.Build.0 = Debug|Any CPU
		{50940426-8854-4EF5-9B84-213725161052}.Release|Any CPU.ActiveCfg = Release|Any CPU
		{50940426-8854-4EF5-9B84-213725161052}.Release|Any CPU.Build.0 = Release|Any CPU
	EndGlobalSection
	GlobalSection(SolutionProperties) = preSolution
		HideSolutionNode = FALSE
	EndGlobalSection
	GlobalSection(ExtensibilityGlobals) = postSolution
		SolutionGuid = {09A1012E-9506-44A1-A679-A31D513627FF}
	EndGlobalSection
EndGlobal
